{
	"name": "aurum-game-engine",
	"version": "1.0.0",
	"lockfileVersion": 1,
	"requires": true,
	"dependencies": {
		"aurumjs": {
			"version": "0.5.9",
			"resolved": "https://registry.npmjs.org/aurumjs/-/aurumjs-0.5.9.tgz",
			"integrity": "sha512-SEdT5J/s/5c0hPLBkohs0p61yTMrGRa4SMPk+4wurDPDst2WYtLVN0ztrV6uEfGvGMZ1wq//m364EnkxMN3t0g=="
		}
	}
}
