{
	"name": "aurum-game-engine",
	"version": "1.0.0",
	"lockfileVersion": 1,
	"requires": true,
	"dependencies": {
		"aurumjs": {
			"version": "0.5.53",
			"resolved": "https://registry.npmjs.org/aurumjs/-/aurumjs-0.5.53.tgz",
			"integrity": "sha512-Eu0AAfek4AsGvM9NqWZ2i3HpBVQxsTmB+j7lSweI13+zM6lp78kzuPWnWiqV8fkr4VvrgO8YeTIpdj5EWpzc8Q=="
		}
	}
}
