{
	"name": "aurum-game-engine",
	"version": "1.0.0",
	"lockfileVersion": 1,
	"requires": true,
	"dependencies": {
		"aurumjs": {
			"version": "0.5.10",
			"resolved": "https://registry.npmjs.org/aurumjs/-/aurumjs-0.5.10.tgz",
			"integrity": "sha512-62bhls7m8A4GVesjtfRhKVaFxKcmCkmbQAtMsUMzZd+YZWu1aoCP6JnoFSMFcf6SYkt61QaxC8CwQKVz29249w=="
		}
	}
}
